# THIS IS AN AUTOGENERATED FILE. DO NOT EDIT THIS FILE DIRECTLY.
# yarn lockfile v1


joblib@^10.1.1:
  version "10.1.1"
  resolved "https://registry.yarnpkg.com/joblib/-/joblib-10.1.1.tgz#8c9049fe02e376d433aabd728945ebdf6653a761"
  integrity sha512-GtqO4EZGnDMiZS9gZqH0Ne1jvkh6623FH+K/0nFvvIlYgUwYMNJrKnf2KKhwFsrwO2YLEHPHAUgXU90EJ+gspw==
